
Microsoft Visual Studio Solution File, Format Version 12.00
# Visual Studio Version 16
VisualStudioVersion = 16.0.31410.357
MinimumVisualStudioVersion = 10.0.40219.1
Project("{FAE04EC0-301F-11D3-BF4B-00C04F79EFBC}") = "RIPGhoster", "RIPGhoster\RIPGhoster.csproj", "{39CFD535-FAC7-4F76-8803-2C20906C05EF}"
EndProject
Project("{8BC9CEB8-8B4A-11D0-8D11-00A0C91BC942}") = "RIPTest", "RIPTest\RIPTest.vcxproj", "{1043C4D5-725C-4D94-82ED-A14A7D6E9D98}"
EndProject
Global
	GlobalSection(SolutionConfigurationPlatforms) = preSolution
		Debug|Any CPU = Debug|Any CPU
		Debug|x64 = Debug|x64
		Debug|x86 = Debug|x86
		Release|Any CPU = Release|Any CPU
		Release|x64 = Release|x64
		Release|x86 = Release|x86
	EndGlobalSection
	GlobalSection(ProjectConfigurationPlatforms) = postSolution
		{39CFD535-FAC7-4F76-8803-2C20906C05EF}.Debug|Any CPU.ActiveCfg = Debug|Any CPU
		{39CFD535-FAC7-4F76-8803-2C20906C05EF}.Debug|Any CPU.Build.0 = Debug|Any CPU
		{39CFD535-FAC7-4F76-8803-2C20906C05EF}.Debug|x64.ActiveCfg = Debug|Any CPU
		{39CFD535-FAC7-4F76-8803-2C20906C05EF}.Debug|x64.Build.0 = Debug|Any CPU
		{39CFD535-FAC7-4F76-8803-2C20906C05EF}.Debug|x86.ActiveCfg = Debug|x86
		{39CFD535-FAC7-4F76-8803-2C20906C05EF}.Debug|x86.Build.0 = Debug|x86
		{39CFD535-FAC7-4F76-8803-2C20906C05EF}.Release|Any CPU.ActiveCfg = Release|Any CPU
		{39CFD535-FAC7-4F76-8803-2C20906C05EF}.Release|Any CPU.Build.0 = Release|Any CPU
		{39CFD535-FAC7-4F76-8803-2C20906C05EF}.Release|x64.ActiveCfg = Release|Any CPU
		{39CFD535-FAC7-4F76-8803-2C20906C05EF}.Release|x64.Build.0 = Release|Any CPU
		{39CFD535-FAC7-4F76-8803-2C20906C05EF}.Release|x86.ActiveCfg = Release|x86
		{39CFD535-FAC7-4F76-8803-2C20906C05EF}.Release|x86.Build.0 = Release|x86
		{1043C4D5-725C-4D94-82ED-A14A7D6E9D98}.Debug|Any CPU.ActiveCfg = Debug|Win32
		{1043C4D5-725C-4D94-82ED-A14A7D6E9D98}.Debug|x64.ActiveCfg = Debug|x64
		{1043C4D5-725C-4D94-82ED-A14A7D6E9D98}.Debug|x64.Build.0 = Debug|x64
		{1043C4D5-725C-4D94-82ED-A14A7D6E9D98}.Debug|x86.ActiveCfg = Debug|Win32
		{1043C4D5-725C-4D94-82ED-A14A7D6E9D98}.Debug|x86.Build.0 = Debug|Win32
		{1043C4D5-725C-4D94-82ED-A14A7D6E9D98}.Release|Any CPU.ActiveCfg = Release|Win32
		{1043C4D5-725C-4D94-82ED-A14A7D6E9D98}.Release|x64.ActiveCfg = Release|x64
		{1043C4D5-725C-4D94-82ED-A14A7D6E9D98}.Release|x64.Build.0 = Release|x64
		{1043C4D5-725C-4D94-82ED-A14A7D6E9D98}.Release|x86.ActiveCfg = Release|Win32
		{1043C4D5-725C-4D94-82ED-A14A7D6E9D98}.Release|x86.Build.0 = Release|Win32
	EndGlobalSection
	GlobalSection(SolutionProperties) = preSolution
		HideSolutionNode = FALSE
	EndGlobalSection
	GlobalSection(ExtensibilityGlobals) = postSolution
		SolutionGuid = {71991DD1-1230-4FE4-93DB-D019BDA99BC0}
	EndGlobalSection
EndGlobal
